
Microsoft Visual Studio Solution File, Format Version 12.00
# Visual Studio Version 16
VisualStudioVersion = 16.0.29424.173
MinimumVisualStudioVersion = 10.0.40219.1
Project("{FAE04EC0-301F-11D3-BF4B-00C04F79EFBC}") = "JooleStoreApp", "JooleStoreApp\JooleStoreApp.csproj", "{71222F35-83E0-4F74-BE3D-12FD456AECDB}"
EndProject
Project("{FAE04EC0-301F-11D3-BF4B-00C04F79EFBC}") = "JooleStore_Service", "JooleStore_Service\JooleStore_Service.csproj", "{F00A2752-B1CD-4A92-9E59-35A32A33288D}"
EndProject
Project("{FAE04EC0-301F-11D3-BF4B-00C04F79EFBC}") = "JooleStore_Repository", "JooleStore_Repository\JooleStore_Repository.csproj", "{23F93DC3-D2A0-40A4-A905-2DF7D83C18E4}"
EndProject
Project("{FAE04EC0-301F-11D3-BF4B-00C04F79EFBC}") = "JooleStore_DAL", "JooleStore_DAL\JooleStore_DAL.csproj", "{360C264A-574A-40FD-A75C-AA824757AE62}"
EndProject
Global
	GlobalSection(SolutionConfigurationPlatforms) = preSolution
		Debug|Any CPU = Debug|Any CPU
		Release|Any CPU = Release|Any CPU
	EndGlobalSection
	GlobalSection(ProjectConfigurationPlatforms) = postSolution
		{71222F35-83E0-4F74-BE3D-12FD456AECDB}.Debug|Any CPU.ActiveCfg = Debug|Any CPU
		{71222F35-83E0-4F74-BE3D-12FD456AECDB}.Debug|Any CPU.Build.0 = Debug|Any CPU
		{71222F35-83E0-4F74-BE3D-12FD456AECDB}.Release|Any CPU.ActiveCfg = Release|Any CPU
		{71222F35-83E0-4F74-BE3D-12FD456AECDB}.Release|Any CPU.Build.0 = Release|Any CPU
		{F00A2752-B1CD-4A92-9E59-35A32A33288D}.Debug|Any CPU.ActiveCfg = Debug|Any CPU
		{F00A2752-B1CD-4A92-9E59-35A32A33288D}.Debug|Any CPU.Build.0 = Debug|Any CPU
		{F00A2752-B1CD-4A92-9E59-35A32A33288D}.Release|Any CPU.ActiveCfg = Release|Any CPU
		{F00A2752-B1CD-4A92-9E59-35A32A33288D}.Release|Any CPU.Build.0 = Release|Any CPU
		{23F93DC3-D2A0-40A4-A905-2DF7D83C18E4}.Debug|Any CPU.ActiveCfg = Debug|Any CPU
		{23F93DC3-D2A0-40A4-A905-2DF7D83C18E4}.Debug|Any CPU.Build.0 = Debug|Any CPU
		{23F93DC3-D2A0-40A4-A905-2DF7D83C18E4}.Release|Any CPU.ActiveCfg = Release|Any CPU
		{23F93DC3-D2A0-40A4-A905-2DF7D83C18E4}.Release|Any CPU.Build.0 = Release|Any CPU
		{360C264A-574A-40FD-A75C-AA824757AE62}.Debug|Any CPU.ActiveCfg = Debug|Any CPU
		{360C264A-574A-40FD-A75C-AA824757AE62}.Debug|Any CPU.Build.0 = Debug|Any CPU
		{360C264A-574A-40FD-A75C-AA824757AE62}.Release|Any CPU.ActiveCfg = Release|Any CPU
		{360C264A-574A-40FD-A75C-AA824757AE62}.Release|Any CPU.Build.0 = Release|Any CPU
	EndGlobalSection
	GlobalSection(SolutionProperties) = preSolution
		HideSolutionNode = FALSE
	EndGlobalSection
	GlobalSection(ExtensibilityGlobals) = postSolution
		SolutionGuid = {FFABADDC-BFE6-43C0-BC96-B850C5E121F4}
	EndGlobalSection
EndGlobal
