
Microsoft Visual Studio Solution File, Format Version 12.00
# Visual Studio Version 16
VisualStudioVersion = 16.0.29424.173
MinimumVisualStudioVersion = 10.0.40219.1
Project("{FAE04EC0-301F-11D3-BF4B-00C04F79EFBC}") = "JooleStoreApp", "JooleStoreApp\JooleStoreApp.csproj", "{71222F35-83E0-4F74-BE3D-12FD456AECDB}"
EndProject
Project("{FAE04EC0-301F-11D3-BF4B-00C04F79EFBC}") = "JooleStore_DAL", "JooleStore_DAL\JooleStore_DAL.csproj", "{864C027D-112C-4170-9E98-5673B8A49C2D}"
EndProject
Project("{FAE04EC0-301F-11D3-BF4B-00C04F79EFBC}") = "JooleStore_Repository", "JooleStore_Repository\JooleStore_Repository.csproj", "{88ACD694-E30F-421A-A6DC-ED3E6F29385C}"
EndProject
Project("{FAE04EC0-301F-11D3-BF4B-00C04F79EFBC}") = "JooleStore_Service", "JooleStore_Service\JooleStore_Service.csproj", "{CEBF97E9-DD1E-4375-8121-C929F33C16A2}"
EndProject
Global
	GlobalSection(SolutionConfigurationPlatforms) = preSolution
		Debug|Any CPU = Debug|Any CPU
		Release|Any CPU = Release|Any CPU
	EndGlobalSection
	GlobalSection(ProjectConfigurationPlatforms) = postSolution
		{71222F35-83E0-4F74-BE3D-12FD456AECDB}.Debug|Any CPU.ActiveCfg = Debug|Any CPU
		{71222F35-83E0-4F74-BE3D-12FD456AECDB}.Debug|Any CPU.Build.0 = Debug|Any CPU
		{71222F35-83E0-4F74-BE3D-12FD456AECDB}.Release|Any CPU.ActiveCfg = Release|Any CPU
		{71222F35-83E0-4F74-BE3D-12FD456AECDB}.Release|Any CPU.Build.0 = Release|Any CPU
		{864C027D-112C-4170-9E98-5673B8A49C2D}.Debug|Any CPU.ActiveCfg = Debug|Any CPU
		{864C027D-112C-4170-9E98-5673B8A49C2D}.Debug|Any CPU.Build.0 = Debug|Any CPU
		{864C027D-112C-4170-9E98-5673B8A49C2D}.Release|Any CPU.ActiveCfg = Release|Any CPU
		{864C027D-112C-4170-9E98-5673B8A49C2D}.Release|Any CPU.Build.0 = Release|Any CPU
		{88ACD694-E30F-421A-A6DC-ED3E6F29385C}.Debug|Any CPU.ActiveCfg = Debug|Any CPU
		{88ACD694-E30F-421A-A6DC-ED3E6F29385C}.Debug|Any CPU.Build.0 = Debug|Any CPU
		{88ACD694-E30F-421A-A6DC-ED3E6F29385C}.Release|Any CPU.ActiveCfg = Release|Any CPU
		{88ACD694-E30F-421A-A6DC-ED3E6F29385C}.Release|Any CPU.Build.0 = Release|Any CPU
		{CEBF97E9-DD1E-4375-8121-C929F33C16A2}.Debug|Any CPU.ActiveCfg = Debug|Any CPU
		{CEBF97E9-DD1E-4375-8121-C929F33C16A2}.Debug|Any CPU.Build.0 = Debug|Any CPU
		{CEBF97E9-DD1E-4375-8121-C929F33C16A2}.Release|Any CPU.ActiveCfg = Release|Any CPU
		{CEBF97E9-DD1E-4375-8121-C929F33C16A2}.Release|Any CPU.Build.0 = Release|Any CPU
	EndGlobalSection
	GlobalSection(SolutionProperties) = preSolution
		HideSolutionNode = FALSE
	EndGlobalSection
	GlobalSection(ExtensibilityGlobals) = postSolution
		SolutionGuid = {FFABADDC-BFE6-43C0-BC96-B850C5E121F4}
	EndGlobalSection
EndGlobal
